
Microsoft Visual Studio Solution File, Format Version 12.00
# Visual Studio Version 17
VisualStudioVersion = 17.3.32901.215
MinimumVisualStudioVersion = 10.0.40219.1
Project("{FAE04EC0-301F-11D3-BF4B-00C04F79EFBC}") = "FindTreasureApp", "FindTreasureApp.csproj", "{8D93B67D-AB99-4050-A459-1B6F21AEE011}"
EndProject
Global
	GlobalSection(SolutionConfigurationPlatforms) = preSolution
		Debug|Any CPU = Debug|Any CPU
		Release|Any CPU = Release|Any CPU
	EndGlobalSection
	GlobalSection(ProjectConfigurationPlatforms) = postSolution
		{8D93B67D-AB99-4050-A459-1B6F21AEE011}.Debug|Any CPU.ActiveCfg = Debug|Any CPU
		{8D93B67D-AB99-4050-A459-1B6F21AEE011}.Debug|Any CPU.Build.0 = Debug|Any CPU
		{8D93B67D-AB99-4050-A459-1B6F21AEE011}.Release|Any CPU.ActiveCfg = Release|Any CPU
		{8D93B67D-AB99-4050-A459-1B6F21AEE011}.Release|Any CPU.Build.0 = Release|Any CPU
	EndGlobalSection
	GlobalSection(SolutionProperties) = preSolution
		HideSolutionNode = FALSE
	EndGlobalSection
	GlobalSection(ExtensibilityGlobals) = postSolution
		SolutionGuid = {5D262052-B341-4D2B-B3B5-A5BBA4198552}
	EndGlobalSection
EndGlobal
